<?xml version="1.0" encoding="utf-8"?>
<Project ToolsVersion="4.0" xmlns="http://schemas.microsoft.com/developer/msbuild/2003">
  <ItemGroup>
    <Filter Include="Source Files">
      <UniqueIdentifier>{4FC737F1-C7A5-4376-A066-2A32D752A2FF}</UniqueIdentifier>
      <Extensions>cpp;c;cc;cxx;def;odl;idl;hpj;bat;asm;asmx</Extensions>
    </Filter>
    <Filter Include="Header Files">
      <UniqueIdentifier>{93995380-89BD-4b04-88EB-625FBE52EBFB}</UniqueIdentifier>
      <Extensions>h;hpp;hxx;hm;inl;inc;xsd</Extensions>
    </Filter>
    <Filter Include="Resource Files">
      <UniqueIdentifier>{67DA6AB6-F800-4c08-8B7A-83BB121AAD01}</UniqueIdentifier>
      <Extensions>rc;ico;cur;bmp;dlg;rc2;rct;bin;rgs;gif;jpg;jpeg;jpe;resx;tiff;tif;png;wav;mfcribbon-ms</Extensions>
    </Filter>
    <Filter Include="Scripts">
      <UniqueIdentifier>{dd7a6f1a-7a5e-4ac8-9ab8-369be5724f66}</UniqueIdentifier>
    </Filter>
  </ItemGroup>
  <ItemGroup>
    <ClCompile Include="src\pg3render.cxx">
      <Filter>Source Files</Filter>
    </ClCompile>
    <ClCompile Include="src\debugging.cxx">
      <Filter>Source Files</Filter>
    </ClCompile>
    <ClCompile Include="src\process.cxx">
      <Filter>Source Files</Filter>
    </ClCompile>
  </ItemGroup>
  <ItemGroup>
    <ClInclude Include="src\camera.hxx">
      <Filter>Header Files</Filter>
    </ClInclude>
    <ClInclude Include="src\config.hxx">
      <Filter>Header Files</Filter>
    </ClInclude>
    <ClInclude Include="src\geometry.hxx">
      <Filter>Header Files</Filter>
    </ClInclude>
    <ClInclude Include="src\lights.hxx">
      <Filter>Header Files</Filter>
    </ClInclude>
    <ClInclude Include="src\materials.hxx">
      <Filter>Header Files</Filter>
    </ClInclude>
    <ClInclude Include="src\math.hxx">
      <Filter>Header Files</Filter>
    </ClInclude>
    <ClInclude Include="src\ray.hxx">
      <Filter>Header Files</Filter>
    </ClInclude>
    <ClInclude Include="src\renderer.hxx">
      <Filter>Header Files</Filter>
    </ClInclude>
    <ClInclude Include="src\rng.hxx">
      <Filter>Header Files</Filter>
    </ClInclude>
    <ClInclude Include="src\scene.hxx">
      <Filter>Header Files</Filter>
    </ClInclude>
    <ClInclude Include="src\utils.hxx">
      <Filter>Header Files</Filter>
    </ClInclude>
    <ClInclude Include="src\spectrum.hxx">
      <Filter>Header Files</Filter>
    </ClInclude>
    <ClInclude Include="src\debugging.hxx">
      <Filter>Header Files</Filter>
    </ClInclude>
    <ClInclude Include="src\distribution.hxx">
      <Filter>Header Files</Filter>
    </ClInclude>
    <ClInclude Include="src\process.hxx">
      <Filter>Header Files</Filter>
    </ClInclude>
    <ClInclude Include="src\types.hxx">
      <Filter>Header Files</Filter>
    </ClInclude>
    <ClInclude Include="src\microfacet.hxx">
      <Filter>Header Files</Filter>
    </ClInclude>
    <ClInclude Include="src\sampling.hxx">
      <Filter>Header Files</Filter>
    </ClInclude>
    <ClInclude Include="src\geom.hxx">
      <Filter>Header Files</Filter>
    </ClInclude>
    <ClInclude Include="src\em_steerable_sampler.hxx">
      <Filter>Header Files</Filter>
    </ClInclude>
    <ClInclude Include="src\em_image.hxx">
      <Filter>Header Files</Filter>
    </ClInclude>
    <ClInclude Include="src\direct_illumination.hxx">
      <Filter>Header Files</Filter>
    </ClInclude>
    <ClInclude Include="src\em.hxx">
      <Filter>Header Files</Filter>
    </ClInclude>
    <ClInclude Include="src\eye_light.hxx">
      <Filter>Header Files</Filter>
    </ClInclude>
    <ClInclude Include="src\frame_buffer.hxx">
      <Filter>Header Files</Filter>
    </ClInclude>
    <ClInclude Include="src\hard_config.hxx">
      <Filter>Header Files</Filter>
    </ClInclude>
    <ClInclude Include="src\path_tracer.hxx">
      <Filter>Header Files</Filter>
    </ClInclude>
    <ClInclude Include="src\path_tracer_base.hxx">
      <Filter>Header Files</Filter>
    </ClInclude>
    <ClInclude Include="src\unit_testing.hxx">
      <Filter>Header Files</Filter>
    </ClInclude>
    <ClInclude Include="src\em_cosine_sampler.hxx">
      <Filter>Header Files</Filter>
    </ClInclude>
    <ClInclude Include="src\em_simple_spherical_sampler.hxx">
      <Filter>Header Files</Filter>
    </ClInclude>
    <ClInclude Include="src\light_sample.hxx">
      <Filter>Header Files</Filter>
    </ClInclude>
    <ClInclude Include="src\em_sampler.hxx">
      <Filter>Header Files</Filter>
    </ClInclude>
    <ClInclude Include="src\filter.hxx">
      <Filter>Header Files</Filter>
    </ClInclude>
    <ClInclude Include="src\aux_dbg_params.hxx">
      <Filter>Header Files</Filter>
    </ClInclude>
  </ItemGroup>
  <ItemGroup>
    <None Include="testing\full_test.sh">
      <Filter>Scripts</Filter>
    </None>
    <None Include="testing\launcher.bat">
      <Filter>Scripts</Filter>
    </None>
    <None Include="testing\custom_batch.sh">
      <Filter>Scripts</Filter>
    </None>
    <None Include="testing\splitting_img_diff.sh">
      <Filter>Scripts</Filter>
    </None>
    <None Include="testing\splitting_img_diff_to_file.sh">
      <Filter>Scripts</Filter>
    </None>
    <None Include="testing\steersampl_tuning.sh">
      <Filter>Scripts</Filter>
    </None>
    <None Include="testing\steersampl_tuning_to_file.sh">
      <Filter>Scripts</Filter>
    </None>
  </ItemGroup>
</Project>